// !$*UTF8*$!
{
	archiveVersion = 1;
	classes = {
	};
	objectVersion = 77;
	objects = {

/* Begin PBXBuildFile section */
		03FBDAFD2D7B637F00FE436A /* MarkdownUI in Frameworks */ = {isa = PBXBuildFile; productRef = 03FBDAFC2D7B637F00FE436A /* MarkdownUI */; };
/* End PBXBuildFile section */

/* Begin PBXContainerItemProxy section */
		03FBDAD02D7B616200FE436A /* PBXContainerItemProxy */ = {
			isa = PBXContainerItemProxy;
			containerPortal = 03FBDAB22D7B616000FE436A /* Project object */;
			proxyType = 1;
			remoteGlobalIDString = 03FBDAB92D7B616000FE436A;
			remoteInfo = llmChat;
		};
		03FBDADA2D7B616200FE436A /* PBXContainerItemProxy */ = {
			isa = PBXContainerItemProxy;
			containerPortal = 03FBDAB22D7B616000FE436A /* Project object */;
			proxyType = 1;
			remoteGlobalIDString = 03FBDAB92D7B616000FE436A;
			remoteInfo = llmChat;
		};
/* End PBXContainerItemProxy section */

/* Begin PBXFileReference section */
		03FBDABA2D7B616000FE436A /* llmChat.app */ = {isa = PBXFileReference; explicitFileType = wrapper.application; includeInIndex = 0; path = llmChat.app; sourceTree = BUILT_PRODUCTS_DIR; };
		03FBDACF2D7B616200FE436A /* llmChatTests.xctest */ = {isa = PBXFileReference; explicitFileType = wrapper.cfbundle; includeInIndex = 0; path = llmChatTests.xctest; sourceTree = BUILT_PRODUCTS_DIR; };
		03FBDAD92D7B616200FE436A /* llmChatUITests.xctest */ = {isa = PBXFileReference; explicitFileType = wrapper.cfbundle; includeInIndex = 0; path = llmChatUITests.xctest; sourceTree = BUILT_PRODUCTS_DIR; };
/* End PBXFileReference section */

/* Begin PBXFileSystemSynchronizedBuildFileExceptionSet section */
		03FBDB5E2D7F4C4B00FE436A /* Exceptions for "llmChat" folder in "llmChat" target */ = {
			isa = PBXFileSystemSynchronizedBuildFileExceptionSet;
			membershipExceptions = (
				Info.plist,
			);
			target = 03FBDAB92D7B616000FE436A /* llmChat */;
		};
/* End PBXFileSystemSynchronizedBuildFileExceptionSet section */

/* Begin PBXFileSystemSynchronizedRootGroup section */
		03FBDABC2D7B616000FE436A /* llmChat */ = {
			isa = PBXFileSystemSynchronizedRootGroup;
			exceptions = (
				03FBDB5E2D7F4C4B00FE436A /* Exceptions for "llmChat" folder in "llmChat" target */,
			);
			path = llmChat;
			sourceTree = "<group>";
		};
		03FBDAD22D7B616200FE436A /* llmChatTests */ = {
			isa = PBXFileSystemSynchronizedRootGroup;
			path = llmChatTests;
			sourceTree = "<group>";
		};
		03FBDADC2D7B616200FE436A /* llmChatUITests */ = {
			isa = PBXFileSystemSynchronizedRootGroup;
			path = llmChatUITests;
			sourceTree = "<group>";
		};
/* End PBXFileSystemSynchronizedRootGroup section */

/* Begin PBXFrameworksBuildPhase section */
		03FBDAB72D7B616000FE436A /* Frameworks */ = {
			isa = PBXFrameworksBuildPhase;
			buildActionMask = 2147483647;
			files = (
				03FBDAFD2D7B637F00FE436A /* MarkdownUI in Frameworks */,
			);
			runOnlyForDeploymentPostprocessing = 0;
		};
		03FBDACC2D7B616200FE436A /* Frameworks */ = {
			isa = PBXFrameworksBuildPhase;
			buildActionMask = 2147483647;
			files = (
			);
			runOnlyForDeploymentPostprocessing = 0;
		};
		03FBDAD62D7B616200FE436A /* Frameworks */ = {
			isa = PBXFrameworksBuildPhase;
			buildActionMask = 2147483647;
			files = (
			);
			runOnlyForDeploymentPostprocessing = 0;
		};
/* End PBXFrameworksBuildPhase section */

/* Begin PBXGroup section */
		03FBDAB12D7B616000FE436A = {
			isa = PBXGroup;
			children = (
				03FBDABC2D7B616000FE436A /* llmChat */,
				03FBDAD22D7B616200FE436A /* llmChatTests */,
				03FBDADC2D7B616200FE436A /* llmChatUITests */,
				03FBDABB2D7B616000FE436A /* Products */,
			);
			sourceTree = "<group>";
		};
		03FBDABB2D7B616000FE436A /* Products */ = {
			isa = PBXGroup;
			children = (
				03FBDABA2D7B616000FE436A /* llmChat.app */,
				03FBDACF2D7B616200FE436A /* llmChatTests.xctest */,
				03FBDAD92D7B616200FE436A /* llmChatUITests.xctest */,
			);
			name = Products;
			sourceTree = "<group>";
		};
/* End PBXGroup section */

/* Begin PBXNativeTarget section */
		03FBDAB92D7B616000FE436A /* llmChat */ = {
			isa = PBXNativeTarget;
			buildConfigurationList = 03FBDAE32D7B616200FE436A /* Build configuration list for PBXNativeTarget "llmChat" */;
			buildPhases = (
				03FBDAB62D7B616000FE436A /* Sources */,
				03FBDAB72D7B616000FE436A /* Frameworks */,
				03FBDAB82D7B616000FE436A /* Resources */,
			);
			buildRules = (
			);
			dependencies = (
			);
			fileSystemSynchronizedGroups = (
				03FBDABC2D7B616000FE436A /* llmChat */,
			);
			name = llmChat;
			packageProductDependencies = (
				03FBDAFC2D7B637F00FE436A /* MarkdownUI */,
			);
			productName = llmChat;
			productReference = 03FBDABA2D7B616000FE436A /* llmChat.app */;
			productType = "com.apple.product-type.application";
		};
		03FBDACE2D7B616200FE436A /* llmChatTests */ = {
			isa = PBXNativeTarget;
			buildConfigurationList = 03FBDAE62D7B616200FE436A /* Build configuration list for PBXNativeTarget "llmChatTests" */;
			buildPhases = (
				03FBDACB2D7B616200FE436A /* Sources */,
				03FBDACC2D7B616200FE436A /* Frameworks */,
				03FBDACD2D7B616200FE436A /* Resources */,
			);
			buildRules = (
			);
			dependencies = (
				03FBDAD12D7B616200FE436A /* PBXTargetDependency */,
			);
			fileSystemSynchronizedGroups = (
				03FBDAD22D7B616200FE436A /* llmChatTests */,
			);
			name = llmChatTests;
			packageProductDependencies = (
			);
			productName = llmChatTests;
			productReference = 03FBDACF2D7B616200FE436A /* llmChatTests.xctest */;
			productType = "com.apple.product-type.bundle.unit-test";
		};
		03FBDAD82D7B616200FE436A /* llmChatUITests */ = {
			isa = PBXNativeTarget;
			buildConfigurationList = 03FBDAE92D7B616200FE436A /* Build configuration list for PBXNativeTarget "llmChatUITests" */;
			buildPhases = (
				03FBDAD52D7B616200FE436A /* Sources */,
				03FBDAD62D7B616200FE436A /* Frameworks */,
				03FBDAD72D7B616200FE436A /* Resources */,
			);
			buildRules = (
			);
			dependencies = (
				03FBDADB2D7B616200FE436A /* PBXTargetDependency */,
			);
			fileSystemSynchronizedGroups = (
				03FBDADC2D7B616200FE436A /* llmChatUITests */,
			);
			name = llmChatUITests;
			packageProductDependencies = (
			);
			productName = llmChatUITests;
			productReference = 03FBDAD92D7B616200FE436A /* llmChatUITests.xctest */;
			productType = "com.apple.product-type.bundle.ui-testing";
		};
/* End PBXNativeTarget section */

/* Begin PBXProject section */
		03FBDAB22D7B616000FE436A /* Project object */ = {
			isa = PBXProject;
			attributes = {
				BuildIndependentTargetsInParallel = 1;
				LastSwiftUpdateCheck = 1610;
				LastUpgradeCheck = 1610;
				TargetAttributes = {
					03FBDAB92D7B616000FE436A = {
						CreatedOnToolsVersion = 16.1;
					};
					03FBDACE2D7B616200FE436A = {
						CreatedOnToolsVersion = 16.1;
						TestTargetID = 03FBDAB92D7B616000FE436A;
					};
					03FBDAD82D7B616200FE436A = {
						CreatedOnToolsVersion = 16.1;
						TestTargetID = 03FBDAB92D7B616000FE436A;
					};
				};
			};
			buildConfigurationList = 03FBDAB52D7B616000FE436A /* Build configuration list for PBXProject "llmChat" */;
			developmentRegion = en;
			hasScannedForEncodings = 0;
			knownRegions = (
				en,
				Base,
			);
			mainGroup = 03FBDAB12D7B616000FE436A;
			minimizedProjectReferenceProxies = 1;
			packageReferences = (
				03FBDAFB2D7B637F00FE436A /* XCRemoteSwiftPackageReference "MarkdownUI" */,
			);
			preferredProjectObjectVersion = 77;
			productRefGroup = 03FBDABB2D7B616000FE436A /* Products */;
			projectDirPath = "";
			projectRoot = "";
			targets = (
				03FBDAB92D7B616000FE436A /* llmChat */,
				03FBDACE2D7B616200FE436A /* llmChatTests */,
				03FBDAD82D7B616200FE436A /* llmChatUITests */,
			);
		};
/* End PBXProject section */

/* Begin PBXResourcesBuildPhase section */
		03FBDAB82D7B616000FE436A /* Resources */ = {
			isa = PBXResourcesBuildPhase;
			buildActionMask = 2147483647;
			files = (
			);
			runOnlyForDeploymentPostprocessing = 0;
		};
		03FBDACD2D7B616200FE436A /* Resources */ = {
			isa = PBXResourcesBuildPhase;
			buildActionMask = 2147483647;
			files = (
			);
			runOnlyForDeploymentPostprocessing = 0;
		};
		03FBDAD72D7B616200FE436A /* Resources */ = {
			isa = PBXResourcesBuildPhase;
			buildActionMask = 2147483647;
			files = (
			);
			runOnlyForDeploymentPostprocessing = 0;
		};
/* End PBXResourcesBuildPhase section */

/* Begin PBXSourcesBuildPhase section */
		03FBDAB62D7B616000FE436A /* Sources */ = {
			isa = PBXSourcesBuildPhase;
			buildActionMask = 2147483647;
			files = (
			);
			runOnlyForDeploymentPostprocessing = 0;
		};
		03FBDACB2D7B616200FE436A /* Sources */ = {
			isa = PBXSourcesBuildPhase;
			buildActionMask = 2147483647;
			files = (
			);
			runOnlyForDeploymentPostprocessing = 0;
		};
		03FBDAD52D7B616200FE436A /* Sources */ = {
			isa = PBXSourcesBuildPhase;
			buildActionMask = 2147483647;
			files = (
			);
			runOnlyForDeploymentPostprocessing = 0;
		};
/* End PBXSourcesBuildPhase section */

/* Begin PBXTargetDependency section */
		03FBDAD12D7B616200FE436A /* PBXTargetDependency */ = {
			isa = PBXTargetDependency;
			target = 03FBDAB92D7B616000FE436A /* llmChat */;
			targetProxy = 03FBDAD02D7B616200FE436A /* PBXContainerItemProxy */;
		};
		03FBDADB2D7B616200FE436A /* PBXTargetDependency */ = {
			isa = PBXTargetDependency;
			target = 03FBDAB92D7B616000FE436A /* llmChat */;
			targetProxy = 03FBDADA2D7B616200FE436A /* PBXContainerItemProxy */;
		};
/* End PBXTargetDependency section */

/* Begin XCBuildConfiguration section */
		03FBDAE12D7B616200FE436A /* Debug */ = {
			isa = XCBuildConfiguration;
			buildSettings = {
				ALWAYS_SEARCH_USER_PATHS = NO;
				ASSETCATALOG_COMPILER_GENERATE_SWIFT_ASSET_SYMBOL_EXTENSIONS = YES;
				CLANG_ANALYZER_NONNULL = YES;
				CLANG_ANALYZER_NUMBER_OBJECT_CONVERSION = YES_AGGRESSIVE;
				CLANG_CXX_LANGUAGE_STANDARD = "gnu++20";
				CLANG_ENABLE_MODULES = YES;
				CLANG_ENABLE_OBJC_ARC = YES;
				CLANG_ENABLE_OBJC_WEAK = YES;
				CLANG_WARN_BLOCK_CAPTURE_AUTORELEASING = YES;
				CLANG_WARN_BOOL_CONVERSION = YES;
				CLANG_WARN_COMMA = YES;
				CLANG_WARN_CONSTANT_CONVERSION = YES;
				CLANG_WARN_DEPRECATED_OBJC_IMPLEMENTATIONS = YES;
				CLANG_WARN_DIRECT_OBJC_ISA_USAGE = YES_ERROR;
				CLANG_WARN_DOCUMENTATION_COMMENTS = YES;
				CLANG_WARN_EMPTY_BODY = YES;
				CLANG_WARN_ENUM_CONVERSION = YES;
				CLANG_WARN_INFINITE_RECURSION = YES;
				CLANG_WARN_INT_CONVERSION = YES;
				CLANG_WARN_NON_LITERAL_NULL_CONVERSION = YES;
				CLANG_WARN_OBJC_IMPLICIT_RETAIN_SELF = YES;
				CLANG_WARN_OBJC_LITERAL_CONVERSION = YES;
				CLANG_WARN_OBJC_ROOT_CLASS = YES_ERROR;
				CLANG_WARN_QUOTED_INCLUDE_IN_FRAMEWORK_HEADER = YES;
				CLANG_WARN_RANGE_LOOP_ANALYSIS = YES;
				CLANG_WARN_STRICT_PROTOTYPES = YES;
				CLANG_WARN_SUSPICIOUS_MOVE = YES;
				CLANG_WARN_UNGUARDED_AVAILABILITY = YES_AGGRESSIVE;
				CLANG_WARN_UNREACHABLE_CODE = YES;
				CLANG_WARN__DUPLICATE_METHOD_MATCH = YES;
				COPY_PHASE_STRIP = NO;
				DEBUG_INFORMATION_FORMAT = dwarf;
				ENABLE_STRICT_OBJC_MSGSEND = YES;
				ENABLE_TESTABILITY = YES;
				ENABLE_USER_SCRIPT_SANDBOXING = YES;
				GCC_C_LANGUAGE_STANDARD = gnu17;
				GCC_DYNAMIC_NO_PIC = NO;
				GCC_NO_COMMON_BLOCKS = YES;
				GCC_OPTIMIZATION_LEVEL = 0;
				GCC_PREPROCESSOR_DEFINITIONS = (
					"DEBUG=1",
					"$(inherited)",
				);
				GCC_WARN_64_TO_32_BIT_CONVERSION = YES;
				GCC_WARN_ABOUT_RETURN_TYPE = YES_ERROR;
				GCC_WARN_UNDECLARED_SELECTOR = YES;
				GCC_WARN_UNINITIALIZED_AUTOS = YES_AGGRESSIVE;
				GCC_WARN_UNUSED_FUNCTION = YES;
				GCC_WARN_UNUSED_VARIABLE = YES;
				IPHONEOS_DEPLOYMENT_TARGET = 18.1;
				LOCALIZATION_PREFERS_STRING_CATALOGS = YES;
				MTL_ENABLE_DEBUG_INFO = INCLUDE_SOURCE;
				MTL_FAST_MATH = YES;
				ONLY_ACTIVE_ARCH = YES;
				SDKROOT = iphoneos;
				SWIFT_ACTIVE_COMPILATION_CONDITIONS = "DEBUG $(inherited)";
				SWIFT_OPTIMIZATION_LEVEL = "-Onone";
			};
			name = Debug;
		};
		03FBDAE22D7B616200FE436A /* Release */ = {
			isa = XCBuildConfiguration;
			buildSettings = {
				ALWAYS_SEARCH_USER_PATHS = NO;
				ASSETCATALOG_COMPILER_GENERATE_SWIFT_ASSET_SYMBOL_EXTENSIONS = YES;
				CLANG_ANALYZER_NONNULL = YES;
				CLANG_ANALYZER_NUMBER_OBJECT_CONVERSION = YES_AGGRESSIVE;
				CLANG_CXX_LANGUAGE_STANDARD = "gnu++20";
				CLANG_ENABLE_MODULES = YES;
				CLANG_ENABLE_OBJC_ARC = YES;
				CLANG_ENABLE_OBJC_WEAK = YES;
				CLANG_WARN_BLOCK_CAPTURE_AUTORELEASING = YES;
				CLANG_WARN_BOOL_CONVERSION = YES;
				CLANG_WARN_COMMA = YES;
				CLANG_WARN_CONSTANT_CONVERSION = YES;
				CLANG_WARN_DEPRECATED_OBJC_IMPLEMENTATIONS = YES;
				CLANG_WARN_DIRECT_OBJC_ISA_USAGE = YES_ERROR;
				CLANG_WARN_DOCUMENTATION_COMMENTS = YES;
				CLANG_WARN_EMPTY_BODY = YES;
				CLANG_WARN_ENUM_CONVERSION = YES;
				CLANG_WARN_INFINITE_RECURSION = YES;
				CLANG_WARN_INT_CONVERSION = YES;
				CLANG_WARN_NON_LITERAL_NULL_CONVERSION = YES;
				CLANG_WARN_OBJC_IMPLICIT_RETAIN_SELF = YES;
				CLANG_WARN_OBJC_LITERAL_CONVERSION = YES;
				CLANG_WARN_OBJC_ROOT_CLASS = YES_ERROR;
				CLANG_WARN_QUOTED_INCLUDE_IN_FRAMEWORK_HEADER = YES;
				CLANG_WARN_RANGE_LOOP_ANALYSIS = YES;
				CLANG_WARN_STRICT_PROTOTYPES = YES;
				CLANG_WARN_SUSPICIOUS_MOVE = YES;
				CLANG_WARN_UNGUARDED_AVAILABILITY = YES_AGGRESSIVE;
				CLANG_WARN_UNREACHABLE_CODE = YES;
				CLANG_WARN__DUPLICATE_METHOD_MATCH = YES;
				COPY_PHASE_STRIP = NO;
				DEBUG_INFORMATION_FORMAT = "dwarf-with-dsym";
				ENABLE_NS_ASSERTIONS = NO;
				ENABLE_STRICT_OBJC_MSGSEND = YES;
				ENABLE_USER_SCRIPT_SANDBOXING = YES;
				GCC_C_LANGUAGE_STANDARD = gnu17;
				GCC_NO_COMMON_BLOCKS = YES;
				GCC_WARN_64_TO_32_BIT_CONVERSION = YES;
				GCC_WARN_ABOUT_RETURN_TYPE = YES_ERROR;
				GCC_WARN_UNDECLARED_SELECTOR = YES;
				GCC_WARN_UNINITIALIZED_AUTOS = YES_AGGRESSIVE;
				GCC_WARN_UNUSED_FUNCTION = YES;
				GCC_WARN_UNUSED_VARIABLE = YES;
				IPHONEOS_DEPLOYMENT_TARGET = 18.1;
				LOCALIZATION_PREFERS_STRING_CATALOGS = YES;
				MTL_ENABLE_DEBUG_INFO = NO;
				MTL_FAST_MATH = YES;
				SDKROOT = iphoneos;
				SWIFT_COMPILATION_MODE = wholemodule;
				VALIDATE_PRODUCT = YES;
			};
			name = Release;
		};
		03FBDAE42D7B616200FE436A /* Debug */ = {
			isa = XCBuildConfiguration;
			buildSettings = {
				ASSETCATALOG_COMPILER_APPICON_NAME = AppIcon;
				ASSETCATALOG_COMPILER_GLOBAL_ACCENT_COLOR_NAME = AccentColor;
				CODE_SIGN_IDENTITY = "Apple Development";
				CODE_SIGN_STYLE = Automatic;
				CURRENT_PROJECT_VERSION = 1;
				DEVELOPMENT_ASSET_PATHS = "\"llmChat/Preview Content\"";
				DEVELOPMENT_TEAM = 4ASTQP4ERL;
				ENABLE_PREVIEWS = YES;
				GENERATE_INFOPLIST_FILE = YES;
				INFOPLIST_FILE = llmChat/Info.plist;
				INFOPLIST_KEY_UIApplicationSceneManifest_Generation = YES;
				INFOPLIST_KEY_UIApplicationSupportsIndirectInputEvents = YES;
				INFOPLIST_KEY_UILaunchScreen_Generation = YES;
				INFOPLIST_KEY_UISupportedInterfaceOrientations_iPad = "UIInterfaceOrientationPortrait UIInterfaceOrientationPortraitUpsideDown UIInterfaceOrientationLandscapeLeft UIInterfaceOrientationLandscapeRight";
				INFOPLIST_KEY_UISupportedInterfaceOrientations_iPhone = "UIInterfaceOrientationPortrait UIInterfaceOrientationLandscapeLeft UIInterfaceOrientationLandscapeRight";
				LD_RUNPATH_SEARCH_PATHS = (
					"$(inherited)",
					"@executable_path/Frameworks",
				);
				MARKETING_VERSION = 1.0;
				PRODUCT_BUNDLE_IDENTIFIER = ji.llmChat;
				PRODUCT_NAME = "$(TARGET_NAME)";
				PROVISIONING_PROFILE_SPECIFIER = "";
				SWIFT_EMIT_LOC_STRINGS = YES;
				SWIFT_VERSION = 5.0;
				TARGETED_DEVICE_FAMILY = "1,2";
			};
			name = Debug;
		};
		03FBDAE52D7B616200FE436A /* Release */ = {
			isa = XCBuildConfiguration;
			buildSettings = {
				ASSETCATALOG_COMPILER_APPICON_NAME = AppIcon;
				ASSETCATALOG_COMPILER_GLOBAL_ACCENT_COLOR_NAME = AccentColor;
				CODE_SIGN_IDENTITY = "Apple Development";
				CODE_SIGN_STYLE = Automatic;
				CURRENT_PROJECT_VERSION = 1;
				DEVELOPMENT_ASSET_PATHS = "\"llmChat/Preview Content\"";
				DEVELOPMENT_TEAM = 4ASTQP4ERL;
				ENABLE_PREVIEWS = YES;
				GENERATE_INFOPLIST_FILE = YES;
				INFOPLIST_FILE = llmChat/Info.plist;
				INFOPLIST_KEY_UIApplicationSceneManifest_Generation = YES;
				INFOPLIST_KEY_UIApplicationSupportsIndirectInputEvents = YES;
				INFOPLIST_KEY_UILaunchScreen_Generation = YES;
				INFOPLIST_KEY_UISupportedInterfaceOrientations_iPad = "UIInterfaceOrientationPortrait UIInterfaceOrientationPortraitUpsideDown UIInterfaceOrientationLandscapeLeft UIInterfaceOrientationLandscapeRight";
				INFOPLIST_KEY_UISupportedInterfaceOrientations_iPhone = "UIInterfaceOrientationPortrait UIInterfaceOrientationLandscapeLeft UIInterfaceOrientationLandscapeRight";
				LD_RUNPATH_SEARCH_PATHS = (
					"$(inherited)",
					"@executable_path/Frameworks",
				);
				MARKETING_VERSION = 1.0;
				PRODUCT_BUNDLE_IDENTIFIER = ji.llmChat;
				PRODUCT_NAME = "$(TARGET_NAME)";
				PROVISIONING_PROFILE_SPECIFIER = "";
				SWIFT_EMIT_LOC_STRINGS = YES;
				SWIFT_VERSION = 5.0;
				TARGETED_DEVICE_FAMILY = "1,2";
			};
			name = Release;
		};
		03FBDAE72D7B616200FE436A /* Debug */ = {
			isa = XCBuildConfiguration;
			buildSettings = {
				BUNDLE_LOADER = "$(TEST_HOST)";
				CODE_SIGN_STYLE = Automatic;
				CURRENT_PROJECT_VERSION = 1;
				GENERATE_INFOPLIST_FILE = YES;
				IPHONEOS_DEPLOYMENT_TARGET = 18.1;
				MARKETING_VERSION = 1.0;
				PRODUCT_BUNDLE_IDENTIFIER = ji.llmChatTests;
				PRODUCT_NAME = "$(TARGET_NAME)";
				SWIFT_EMIT_LOC_STRINGS = NO;
				SWIFT_VERSION = 5.0;
				TARGETED_DEVICE_FAMILY = "1,2";
				TEST_HOST = "$(BUILT_PRODUCTS_DIR)/llmChat.app/$(BUNDLE_EXECUTABLE_FOLDER_PATH)/llmChat";
			};
			name = Debug;
		};
		03FBDAE82D7B616200FE436A /* Release */ = {
			isa = XCBuildConfiguration;
			buildSettings = {
				BUNDLE_LOADER = "$(TEST_HOST)";
				CODE_SIGN_STYLE = Automatic;
				CURRENT_PROJECT_VERSION = 1;
				GENERATE_INFOPLIST_FILE = YES;
				IPHONEOS_DEPLOYMENT_TARGET = 18.1;
				MARKETING_VERSION = 1.0;
				PRODUCT_BUNDLE_IDENTIFIER = ji.llmChatTests;
				PRODUCT_NAME = "$(TARGET_NAME)";
				SWIFT_EMIT_LOC_STRINGS = NO;
				SWIFT_VERSION = 5.0;
				TARGETED_DEVICE_FAMILY = "1,2";
				TEST_HOST = "$(BUILT_PRODUCTS_DIR)/llmChat.app/$(BUNDLE_EXECUTABLE_FOLDER_PATH)/llmChat";
			};
			name = Release;
		};
		03FBDAEA2D7B616200FE436A /* Debug */ = {
			isa = XCBuildConfiguration;
			buildSettings = {
				CODE_SIGN_STYLE = Automatic;
				CURRENT_PROJECT_VERSION = 1;
				GENERATE_INFOPLIST_FILE = YES;
				MARKETING_VERSION = 1.0;
				PRODUCT_BUNDLE_IDENTIFIER = ji.llmChatUITests;
				PRODUCT_NAME = "$(TARGET_NAME)";
				SWIFT_EMIT_LOC_STRINGS = NO;
				SWIFT_VERSION = 5.0;
				TARGETED_DEVICE_FAMILY = "1,2";
				TEST_TARGET_NAME = llmChat;
			};
			name = Debug;
		};
		03FBDAEB2D7B616200FE436A /* Release */ = {
			isa = XCBuildConfiguration;
			buildSettings = {
				CODE_SIGN_STYLE = Automatic;
				CURRENT_PROJECT_VERSION = 1;
				GENERATE_INFOPLIST_FILE = YES;
				MARKETING_VERSION = 1.0;
				PRODUCT_BUNDLE_IDENTIFIER = ji.llmChatUITests;
				PRODUCT_NAME = "$(TARGET_NAME)";
				SWIFT_EMIT_LOC_STRINGS = NO;
				SWIFT_VERSION = 5.0;
				TARGETED_DEVICE_FAMILY = "1,2";
				TEST_TARGET_NAME = llmChat;
			};
			name = Release;
		};
/* End XCBuildConfiguration section */

/* Begin XCConfigurationList section */
		03FBDAB52D7B616000FE436A /* Build configuration list for PBXProject "llmChat" */ = {
			isa = XCConfigurationList;
			buildConfigurations = (
				03FBDAE12D7B616200FE436A /* Debug */,
				03FBDAE22D7B616200FE436A /* Release */,
			);
			defaultConfigurationIsVisible = 0;
			defaultConfigurationName = Release;
		};
		03FBDAE32D7B616200FE436A /* Build configuration list for PBXNativeTarget "llmChat" */ = {
			isa = XCConfigurationList;
			buildConfigurations = (
				03FBDAE42D7B616200FE436A /* Debug */,
				03FBDAE52D7B616200FE436A /* Release */,
			);
			defaultConfigurationIsVisible = 0;
			defaultConfigurationName = Release;
		};
		03FBDAE62D7B616200FE436A /* Build configuration list for PBXNativeTarget "llmChatTests" */ = {
			isa = XCConfigurationList;
			buildConfigurations = (
				03FBDAE72D7B616200FE436A /* Debug */,
				03FBDAE82D7B616200FE436A /* Release */,
			);
			defaultConfigurationIsVisible = 0;
			defaultConfigurationName = Release;
		};
		03FBDAE92D7B616200FE436A /* Build configuration list for PBXNativeTarget "llmChatUITests" */ = {
			isa = XCConfigurationList;
			buildConfigurations = (
				03FBDAEA2D7B616200FE436A /* Debug */,
				03FBDAEB2D7B616200FE436A /* Release */,
			);
			defaultConfigurationIsVisible = 0;
			defaultConfigurationName = Release;
		};
/* End XCConfigurationList section */

/* Begin XCRemoteSwiftPackageReference section */
		03FBDAFB2D7B637F00FE436A /* XCRemoteSwiftPackageReference "MarkdownUI" */ = {
			isa = XCRemoteSwiftPackageReference;
			repositoryURL = "https://github.com/gonzalezreal/MarkdownUI";
			requirement = {
				kind = upToNextMajorVersion;
				minimumVersion = 2.4.1;
			};
		};
/* End XCRemoteSwiftPackageReference section */

/* Begin XCSwiftPackageProductDependency section */
		03FBDAFC2D7B637F00FE436A /* MarkdownUI */ = {
			isa = XCSwiftPackageProductDependency;
			package = 03FBDAFB2D7B637F00FE436A /* XCRemoteSwiftPackageReference "MarkdownUI" */;
			productName = MarkdownUI;
		};
/* End XCSwiftPackageProductDependency section */
	};
	rootObject = 03FBDAB22D7B616000FE436A /* Project object */;
}
